
Microsoft Visual Studio Solution File, Format Version 12.00
# Visual Studio 15
VisualStudioVersion = 15.0.27703.2026
MinimumVisualStudioVersion = 10.0.40219.1
Project("{8BC9CEB8-8B4A-11D0-8D11-00A0C91BC942}") = "VTC", "VTC.vcxproj", "{566C9630-86F6-4550-9E84-80634112B00E}"
EndProject
Global
	GlobalSection(SolutionConfigurationPlatforms) = preSolution
		Debug|x64 = Debug|x64
		Debug|x86 = Debug|x86
		Release|x64 = Release|x64
		Release|x86 = Release|x86
	EndGlobalSection
	GlobalSection(ProjectConfigurationPlatforms) = postSolution
		{566C9630-86F6-4550-9E84-80634112B00E}.Debug|x64.ActiveCfg = Debug|x64
		{566C9630-86F6-4550-9E84-80634112B00E}.Debug|x64.Build.0 = Debug|x64
		{566C9630-86F6-4550-9E84-80634112B00E}.Debug|x86.ActiveCfg = Debug|Win32
		{566C9630-86F6-4550-9E84-80634112B00E}.Debug|x86.Build.0 = Debug|Win32
		{566C9630-86F6-4550-9E84-80634112B00E}.Release|x64.ActiveCfg = Release|x64
		{566C9630-86F6-4550-9E84-80634112B00E}.Release|x64.Build.0 = Release|x64
		{566C9630-86F6-4550-9E84-80634112B00E}.Release|x86.ActiveCfg = Release|Win32
		{566C9630-86F6-4550-9E84-80634112B00E}.Release|x86.Build.0 = Release|Win32
	EndGlobalSection
	GlobalSection(SolutionProperties) = preSolution
		HideSolutionNode = FALSE
	EndGlobalSection
	GlobalSection(ExtensibilityGlobals) = postSolution
		SolutionGuid = {AAF7FBF3-9629-42FB-B91B-0AE91B44F7E1}
	EndGlobalSection
EndGlobal
